<?xml version="1.0" encoding="utf-8"?>
<Project ToolsVersion="4.0" xmlns="http://schemas.microsoft.com/developer/msbuild/2003">
  <ItemGroup>
    <Filter Include="ソース ファイル">
      <UniqueIdentifier>{4FC737F1-C7A5-4376-A066-2A32D752A2FF}</UniqueIdentifier>
      <Extensions>cpp;c;cc;cxx;c++;cppm;ixx;def;odl;idl;hpj;bat;asm;asmx</Extensions>
    </Filter>
    <Filter Include="ソース ファイル\.cpp">
      <UniqueIdentifier>{5e089e64-f97d-48bf-ad08-dae7d41692c7}</UniqueIdentifier>
    </Filter>
    <Filter Include="ソース ファイル\.hlsl">
      <UniqueIdentifier>{f77e38e4-e72c-4e98-ad2d-4d8d14e65d35}</UniqueIdentifier>
    </Filter>
    <Filter Include="ソース ファイル\リソース ファイル">
      <UniqueIdentifier>{67DA6AB6-F800-4c08-8B7A-83BB121AAD01}</UniqueIdentifier>
      <Extensions>rc;ico;cur;bmp;dlg;rc2;rct;bin;rgs;gif;jpg;jpeg;jpe;resx;tiff;tif;png;wav;mfcribbon-ms</Extensions>
    </Filter>
    <Filter Include="ソース ファイル\.h">
      <UniqueIdentifier>{93995380-89BD-4b04-88EB-625FBE52EBFB}</UniqueIdentifier>
      <Extensions>h;hh;hpp;hxx;h++;hm;inl;inc;ipp;xsd</Extensions>
    </Filter>
    <Filter Include="ソース ファイル\.h\others">
      <UniqueIdentifier>{83b4a727-01e8-497d-bca5-26aa64ac456c}</UniqueIdentifier>
    </Filter>
    <Filter Include="ソース ファイル\.h\base">
      <UniqueIdentifier>{99a588ea-7ba0-4d11-88f2-7d80f0338b49}</UniqueIdentifier>
    </Filter>
    <Filter Include="ソース ファイル\.h\2d">
      <UniqueIdentifier>{e75771aa-5f7f-438d-b124-84e128ee0fca}</UniqueIdentifier>
    </Filter>
    <Filter Include="ソース ファイル\.h\3d">
      <UniqueIdentifier>{2722b8f6-def3-4969-8faa-1eda514aa7b4}</UniqueIdentifier>
    </Filter>
    <Filter Include="ソース ファイル\.h\math">
      <UniqueIdentifier>{f1a1bffb-c7cc-4f87-9d52-eb400b0c21e2}</UniqueIdentifier>
    </Filter>
    <Filter Include="ソース ファイル\.cpp\math">
      <UniqueIdentifier>{ce8a8658-75eb-4385-bd74-05e2b090e946}</UniqueIdentifier>
    </Filter>
    <Filter Include="ソース ファイル\.cpp\base">
      <UniqueIdentifier>{ebc7e31a-f8ec-422e-b037-48d4a7961ae7}</UniqueIdentifier>
    </Filter>
    <Filter Include="ソース ファイル\.cpp\2d">
      <UniqueIdentifier>{f491636a-bc37-4092-bcbe-0e87d485f8ce}</UniqueIdentifier>
    </Filter>
    <Filter Include="ソース ファイル\.cpp\3d">
      <UniqueIdentifier>{51f71af3-c2b6-4d76-a172-fe405aa56f9b}</UniqueIdentifier>
    </Filter>
    <Filter Include="ソース ファイル\.cpp\others">
      <UniqueIdentifier>{465d3601-edce-4636-bbfa-911aafbc175c}</UniqueIdentifier>
    </Filter>
  </ItemGroup>
  <ItemGroup>
    <ClCompile Include="Vector2.cpp">
      <Filter>ソース ファイル\.cpp\math</Filter>
    </ClCompile>
    <ClCompile Include="Vector3.cpp">
      <Filter>ソース ファイル\.cpp\math</Filter>
    </ClCompile>
    <ClCompile Include="main.cpp">
      <Filter>ソース ファイル\.cpp</Filter>
    </ClCompile>
    <ClCompile Include="Matrix4.cpp">
      <Filter>ソース ファイル\.cpp\math</Filter>
    </ClCompile>
    <ClCompile Include="WinAPI.cpp">
      <Filter>ソース ファイル\.cpp\base</Filter>
    </ClCompile>
    <ClCompile Include="SpriteManager.cpp">
      <Filter>ソース ファイル\.cpp\base</Filter>
    </ClCompile>
    <ClCompile Include="TextureManager.cpp">
      <Filter>ソース ファイル\.cpp\base</Filter>
    </ClCompile>
    <ClCompile Include="DirectXBase.cpp">
      <Filter>ソース ファイル\.cpp\base</Filter>
    </ClCompile>
    <ClCompile Include="Sprite.cpp">
      <Filter>ソース ファイル\.cpp\2d</Filter>
    </ClCompile>
    <ClCompile Include="FBXModel.cpp">
      <Filter>ソース ファイル\.cpp\3d</Filter>
    </ClCompile>
    <ClCompile Include="Object3D.cpp">
      <Filter>ソース ファイル\.cpp\3d</Filter>
    </ClCompile>
    <ClCompile Include="Input.cpp">
      <Filter>ソース ファイル\.cpp\others</Filter>
    </ClCompile>
    <ClCompile Include="CollisionPrimitive.cpp">
      <Filter>ソース ファイル\.cpp\others</Filter>
    </ClCompile>
    <ClCompile Include="Collision.cpp">
      <Filter>ソース ファイル\.cpp\others</Filter>
    </ClCompile>
    <ClCompile Include="FbxLoader.cpp">
      <Filter>ソース ファイル\.cpp\3d</Filter>
    </ClCompile>
    <ClCompile Include="Camera.cpp">
      <Filter>ソース ファイル\.cpp\3d</Filter>
    </ClCompile>
    <ClCompile Include="Vector4.cpp">
      <Filter>ソース ファイル\.cpp\math</Filter>
    </ClCompile>
    <ClCompile Include="ParticleManager.cpp">
      <Filter>ソース ファイル\.cpp\base</Filter>
    </ClCompile>
    <ClCompile Include="GameScene.cpp">
      <Filter>ソース ファイル\.cpp</Filter>
    </ClCompile>
    <ClCompile Include="MyGame.cpp">
      <Filter>ソース ファイル\.cpp\base</Filter>
    </ClCompile>
    <ClCompile Include="FBXObject3D.cpp">
      <Filter>ソース ファイル\.cpp\3d</Filter>
    </ClCompile>
    <ClCompile Include="OBJModel.cpp">
      <Filter>ソース ファイル\.cpp\3d</Filter>
    </ClCompile>
  </ItemGroup>
  <ItemGroup>
    <ClInclude Include="Vector2.h">
      <Filter>ソース ファイル\.h\math</Filter>
    </ClInclude>
    <ClInclude Include="Vector3.h">
      <Filter>ソース ファイル\.h\math</Filter>
    </ClInclude>
    <ClInclude Include="Matrix4.h">
      <Filter>ソース ファイル\.h\math</Filter>
    </ClInclude>
    <ClInclude Include="Common.h">
      <Filter>ソース ファイル\.h\others</Filter>
    </ClInclude>
    <ClInclude Include="Input.h">
      <Filter>ソース ファイル\.h\others</Filter>
    </ClInclude>
    <ClInclude Include="DirectXBase.h">
      <Filter>ソース ファイル\.h\base</Filter>
    </ClInclude>
    <ClInclude Include="TextureManager.h">
      <Filter>ソース ファイル\.h\base</Filter>
    </ClInclude>
    <ClInclude Include="SpriteManager.h">
      <Filter>ソース ファイル\.h\base</Filter>
    </ClInclude>
    <ClInclude Include="WinAPI.h">
      <Filter>ソース ファイル\.h\base</Filter>
    </ClInclude>
    <ClInclude Include="FBXModel.h">
      <Filter>ソース ファイル\.h\3d</Filter>
    </ClInclude>
    <ClInclude Include="Object3D.h">
      <Filter>ソース ファイル\.h\3d</Filter>
    </ClInclude>
    <ClInclude Include="Sprite.h">
      <Filter>ソース ファイル\.h\2d</Filter>
    </ClInclude>
    <ClInclude Include="CollisionPrimitive.h">
      <Filter>ソース ファイル\.h\others</Filter>
    </ClInclude>
    <ClInclude Include="Collision.h">
      <Filter>ソース ファイル\.h\others</Filter>
    </ClInclude>
    <ClInclude Include="UsaMath.h">
      <Filter>ソース ファイル\.h\math</Filter>
    </ClInclude>
    <ClInclude Include="Float2.h">
      <Filter>ソース ファイル\.h\math</Filter>
    </ClInclude>
    <ClInclude Include="Float3.h">
      <Filter>ソース ファイル\.h\math</Filter>
    </ClInclude>
    <ClInclude Include="Float4.h">
      <Filter>ソース ファイル\.h\math</Filter>
    </ClInclude>
    <ClInclude Include="FbxLoader.h">
      <Filter>ソース ファイル\.h\3d</Filter>
    </ClInclude>
    <ClInclude Include="Vector4.h">
      <Filter>ソース ファイル\.h\math</Filter>
    </ClInclude>
    <ClInclude Include="Camera.h">
      <Filter>ソース ファイル\.h\3d</Filter>
    </ClInclude>
    <ClInclude Include="ParticleManager.h">
      <Filter>ソース ファイル\.h\base</Filter>
    </ClInclude>
    <ClInclude Include="GameScene.h">
      <Filter>ソース ファイル\.h</Filter>
    </ClInclude>
    <ClInclude Include="MyGame.h">
      <Filter>ソース ファイル\.h\base</Filter>
    </ClInclude>
    <ClInclude Include="FBXObject3D.h">
      <Filter>ソース ファイル\.h\3d</Filter>
    </ClInclude>
    <ClInclude Include="OBJModel.h">
      <Filter>ソース ファイル\.h\3d</Filter>
    </ClInclude>
  </ItemGroup>
  <ItemGroup>
    <None Include="Resources\shaders\Basic.hlsli">
      <Filter>ソース ファイル\.hlsl</Filter>
    </None>
    <None Include="Resources\shaders\Sprite.hlsli">
      <Filter>ソース ファイル\.hlsl</Filter>
    </None>
    <None Include="Resources\shaders\Particle.hlsli">
      <Filter>ソース ファイル\.hlsl</Filter>
    </None>
    <None Include="Resources\shaders\FBX.hlsli">
      <Filter>ソース ファイル\.hlsl</Filter>
    </None>
  </ItemGroup>
  <ItemGroup>
    <FxCompile Include="Resources\shaders\BasicPS.hlsl">
      <Filter>ソース ファイル\.hlsl</Filter>
    </FxCompile>
    <FxCompile Include="Resources\shaders\BasicVS.hlsl">
      <Filter>ソース ファイル\.hlsl</Filter>
    </FxCompile>
    <FxCompile Include="Resources\shaders\SpritePS.hlsl">
      <Filter>ソース ファイル\.hlsl</Filter>
    </FxCompile>
    <FxCompile Include="Resources\shaders\SpriteVS.hlsl">
      <Filter>ソース ファイル\.hlsl</Filter>
    </FxCompile>
    <FxCompile Include="Resources\shaders\ParticlePS.hlsl">
      <Filter>ソース ファイル\.hlsl</Filter>
    </FxCompile>
    <FxCompile Include="Resources\shaders\ParticleVS.hlsl">
      <Filter>ソース ファイル\.hlsl</Filter>
    </FxCompile>
    <FxCompile Include="Resources\shaders\ParticleGS.hlsl">
      <Filter>ソース ファイル\.hlsl</Filter>
    </FxCompile>
    <FxCompile Include="Resources\shaders\FBXVS.hlsl">
      <Filter>ソース ファイル\.hlsl</Filter>
    </FxCompile>
    <FxCompile Include="Resources\shaders\FBXPS.hlsl">
      <Filter>ソース ファイル\.hlsl</Filter>
    </FxCompile>
  </ItemGroup>
</Project>